
Microsoft Visual Studio Solution File, Format Version 12.00
# Visual Studio Version 17
VisualStudioVersion = 17.8.34525.116
MinimumVisualStudioVersion = 10.0.40219.1
Project("{8BC9CEB8-8B4A-11D0-8D11-00A0C91BC942}") = "new-features-spgemm", "new-features-spgemm\new-features-spgemm.vcxproj", "{FAF28711-A6D4-4551-B7A4-AB87F4F6D097}"
EndProject
Global
	GlobalSection(SolutionConfigurationPlatforms) = preSolution
		Debug|x64 = Debug|x64
		Release|x64 = Release|x64
	EndGlobalSection
	GlobalSection(ProjectConfigurationPlatforms) = postSolution
		{FAF28711-A6D4-4551-B7A4-AB87F4F6D097}.Debug|x64.ActiveCfg = Debug|x64
		{FAF28711-A6D4-4551-B7A4-AB87F4F6D097}.Debug|x64.Build.0 = Debug|x64
		{FAF28711-A6D4-4551-B7A4-AB87F4F6D097}.Release|x64.ActiveCfg = Release|x64
		{FAF28711-A6D4-4551-B7A4-AB87F4F6D097}.Release|x64.Build.0 = Release|x64
	EndGlobalSection
	GlobalSection(SolutionProperties) = preSolution
		HideSolutionNode = FALSE
	EndGlobalSection
	GlobalSection(ExtensibilityGlobals) = postSolution
		SolutionGuid = {521B8DE6-AC1E-4B5C-A74F-58854F98F32E}
	EndGlobalSection
EndGlobal
